// !$*UTF8*$!
{
	archiveVersion = 1;
	classes = {
	};
	objectVersion = 46;
	objects = {

/* Begin PBXBuildFile section */
		EA06891F1A34FDEA006CD2E0 /* AppDelegate.swift in Sources */ = {isa = PBXBuildFile; fileRef = EA06891E1A34FDEA006CD2E0 /* AppDelegate.swift */; };
		EA0689221A34FDEA006CD2E0 /* Data.xcdatamodeld in Sources */ = {isa = PBXBuildFile; fileRef = EA0689201A34FDEA006CD2E0 /* Data.xcdatamodeld */; };
		EA0689271A34FDEA006CD2E0 /* Main.storyboard in Resources */ = {isa = PBXBuildFile; fileRef = EA0689251A34FDEA006CD2E0 /* Main.storyboard */; };
		EA0689291A34FDEA006CD2E0 /* Images.xcassets in Resources */ = {isa = PBXBuildFile; fileRef = EA0689281A34FDEA006CD2E0 /* Images.xcassets */; };
		EA06892C1A34FDEA006CD2E0 /* LaunchScreen.xib in Resources */ = {isa = PBXBuildFile; fileRef = EA06892A1A34FDEA006CD2E0 /* LaunchScreen.xib */; };
		EA0689381A34FDEA006CD2E0 /* CoreDataSearchBarDemoTests.swift in Sources */ = {isa = PBXBuildFile; fileRef = EA0689371A34FDEA006CD2E0 /* CoreDataSearchBarDemoTests.swift */; };
		EA0689481A3504A9006CD2E0 /* Contact.swift in Sources */ = {isa = PBXBuildFile; fileRef = EA0689471A3504A9006CD2E0 /* Contact.swift */; };
		EA0689501A350707006CD2E0 /* ContactsViewController.swift in Sources */ = {isa = PBXBuildFile; fileRef = EA06894F1A350707006CD2E0 /* ContactsViewController.swift */; };
		EA0689551A352A43006CD2E0 /* AddContactViewController.swift in Sources */ = {isa = PBXBuildFile; fileRef = EA0689541A352A43006CD2E0 /* AddContactViewController.swift */; };
/* End PBXBuildFile section */

/* Begin PBXContainerItemProxy section */
		EA0689321A34FDEA006CD2E0 /* PBXContainerItemProxy */ = {
			isa = PBXContainerItemProxy;
			containerPortal = EA0689111A34FDEA006CD2E0 /* Project object */;
			proxyType = 1;
			remoteGlobalIDString = EA0689181A34FDEA006CD2E0;
			remoteInfo = CoreDataSearchBarDemo;
		};
/* End PBXContainerItemProxy section */

/* Begin PBXFileReference section */
		EA0689191A34FDEA006CD2E0 /* CoreDataSearchBarDemo.app */ = {isa = PBXFileReference; explicitFileType = wrapper.application; includeInIndex = 0; path = CoreDataSearchBarDemo.app; sourceTree = BUILT_PRODUCTS_DIR; };
		EA06891D1A34FDEA006CD2E0 /* Info.plist */ = {isa = PBXFileReference; lastKnownFileType = text.plist.xml; path = Info.plist; sourceTree = "<group>"; };
		EA06891E1A34FDEA006CD2E0 /* AppDelegate.swift */ = {isa = PBXFileReference; lastKnownFileType = sourcecode.swift; path = AppDelegate.swift; sourceTree = "<group>"; };
		EA0689211A34FDEA006CD2E0 /* Data.xcdatamodel */ = {isa = PBXFileReference; lastKnownFileType = wrapper.xcdatamodel; path = Data.xcdatamodel; sourceTree = "<group>"; };
		EA0689261A34FDEA006CD2E0 /* Base */ = {isa = PBXFileReference; lastKnownFileType = file.storyboard; name = Base; path = Base.lproj/Main.storyboard; sourceTree = "<group>"; };
		EA0689281A34FDEA006CD2E0 /* Images.xcassets */ = {isa = PBXFileReference; lastKnownFileType = folder.assetcatalog; path = Images.xcassets; sourceTree = "<group>"; };
		EA06892B1A34FDEA006CD2E0 /* Base */ = {isa = PBXFileReference; lastKnownFileType = file.xib; name = Base; path = Base.lproj/LaunchScreen.xib; sourceTree = "<group>"; };
		EA0689311A34FDEA006CD2E0 /* CoreDataSearchBarDemoTests.xctest */ = {isa = PBXFileReference; explicitFileType = wrapper.cfbundle; includeInIndex = 0; path = CoreDataSearchBarDemoTests.xctest; sourceTree = BUILT_PRODUCTS_DIR; };
		EA0689361A34FDEA006CD2E0 /* Info.plist */ = {isa = PBXFileReference; lastKnownFileType = text.plist.xml; path = Info.plist; sourceTree = "<group>"; };
		EA0689371A34FDEA006CD2E0 /* CoreDataSearchBarDemoTests.swift */ = {isa = PBXFileReference; lastKnownFileType = sourcecode.swift; path = CoreDataSearchBarDemoTests.swift; sourceTree = "<group>"; };
		EA0689471A3504A9006CD2E0 /* Contact.swift */ = {isa = PBXFileReference; fileEncoding = 4; lastKnownFileType = sourcecode.swift; path = Contact.swift; sourceTree = "<group>"; };
		EA06894F1A350707006CD2E0 /* ContactsViewController.swift */ = {isa = PBXFileReference; fileEncoding = 4; lastKnownFileType = sourcecode.swift; path = ContactsViewController.swift; sourceTree = "<group>"; };
		EA0689541A352A43006CD2E0 /* AddContactViewController.swift */ = {isa = PBXFileReference; fileEncoding = 4; lastKnownFileType = sourcecode.swift; path = AddContactViewController.swift; sourceTree = "<group>"; };
/* End PBXFileReference section */

/* Begin PBXFrameworksBuildPhase section */
		EA0689161A34FDEA006CD2E0 /* Frameworks */ = {
			isa = PBXFrameworksBuildPhase;
			buildActionMask = 2147483647;
			files = (
			);
			runOnlyForDeploymentPostprocessing = 0;
		};
		EA06892E1A34FDEA006CD2E0 /* Frameworks */ = {
			isa = PBXFrameworksBuildPhase;
			buildActionMask = 2147483647;
			files = (
			);
			runOnlyForDeploymentPostprocessing = 0;
		};
/* End PBXFrameworksBuildPhase section */

/* Begin PBXGroup section */
		EA0689101A34FDEA006CD2E0 = {
			isa = PBXGroup;
			children = (
				EA06891B1A34FDEA006CD2E0 /* CoreDataSearchBarDemo */,
				EA0689341A34FDEA006CD2E0 /* CoreDataSearchBarDemoTests */,
				EA06891A1A34FDEA006CD2E0 /* Products */,
			);
			sourceTree = "<group>";
		};
		EA06891A1A34FDEA006CD2E0 /* Products */ = {
			isa = PBXGroup;
			children = (
				EA0689191A34FDEA006CD2E0 /* CoreDataSearchBarDemo.app */,
				EA0689311A34FDEA006CD2E0 /* CoreDataSearchBarDemoTests.xctest */,
			);
			name = Products;
			sourceTree = "<group>";
		};
		EA06891B1A34FDEA006CD2E0 /* CoreDataSearchBarDemo */ = {
			isa = PBXGroup;
			children = (
				EA06891E1A34FDEA006CD2E0 /* AppDelegate.swift */,
				EA0689561A353F65006CD2E0 /* NSManagedObjects */,
				EA06894F1A350707006CD2E0 /* ContactsViewController.swift */,
				EA0689541A352A43006CD2E0 /* AddContactViewController.swift */,
				EA0689251A34FDEA006CD2E0 /* Main.storyboard */,
				EA0689281A34FDEA006CD2E0 /* Images.xcassets */,
				EA06892A1A34FDEA006CD2E0 /* LaunchScreen.xib */,
				EA0689201A34FDEA006CD2E0 /* Data.xcdatamodeld */,
				EA06891C1A34FDEA006CD2E0 /* Supporting Files */,
			);
			path = CoreDataSearchBarDemo;
			sourceTree = "<group>";
		};
		EA06891C1A34FDEA006CD2E0 /* Supporting Files */ = {
			isa = PBXGroup;
			children = (
				EA06891D1A34FDEA006CD2E0 /* Info.plist */,
			);
			name = "Supporting Files";
			sourceTree = "<group>";
		};
		EA0689341A34FDEA006CD2E0 /* CoreDataSearchBarDemoTests */ = {
			isa = PBXGroup;
			children = (
				EA0689371A34FDEA006CD2E0 /* CoreDataSearchBarDemoTests.swift */,
				EA0689351A34FDEA006CD2E0 /* Supporting Files */,
			);
			path = CoreDataSearchBarDemoTests;
			sourceTree = "<group>";
		};
		EA0689351A34FDEA006CD2E0 /* Supporting Files */ = {
			isa = PBXGroup;
			children = (
				EA0689361A34FDEA006CD2E0 /* Info.plist */,
			);
			name = "Supporting Files";
			sourceTree = "<group>";
		};
		EA0689561A353F65006CD2E0 /* NSManagedObjects */ = {
			isa = PBXGroup;
			children = (
				EA0689471A3504A9006CD2E0 /* Contact.swift */,
			);
			name = NSManagedObjects;
			sourceTree = "<group>";
		};
/* End PBXGroup section */

/* Begin PBXNativeTarget section */
		EA0689181A34FDEA006CD2E0 /* CoreDataSearchBarDemo */ = {
			isa = PBXNativeTarget;
			buildConfigurationList = EA06893B1A34FDEA006CD2E0 /* Build configuration list for PBXNativeTarget "CoreDataSearchBarDemo" */;
			buildPhases = (
				EA0689151A34FDEA006CD2E0 /* Sources */,
				EA0689161A34FDEA006CD2E0 /* Frameworks */,
				EA0689171A34FDEA006CD2E0 /* Resources */,
			);
			buildRules = (
			);
			dependencies = (
			);
			name = CoreDataSearchBarDemo;
			productName = CoreDataSearchBarDemo;
			productReference = EA0689191A34FDEA006CD2E0 /* CoreDataSearchBarDemo.app */;
			productType = "com.apple.product-type.application";
		};
		EA0689301A34FDEA006CD2E0 /* CoreDataSearchBarDemoTests */ = {
			isa = PBXNativeTarget;
			buildConfigurationList = EA06893E1A34FDEA006CD2E0 /* Build configuration list for PBXNativeTarget "CoreDataSearchBarDemoTests" */;
			buildPhases = (
				EA06892D1A34FDEA006CD2E0 /* Sources */,
				EA06892E1A34FDEA006CD2E0 /* Frameworks */,
				EA06892F1A34FDEA006CD2E0 /* Resources */,
			);
			buildRules = (
			);
			dependencies = (
				EA0689331A34FDEA006CD2E0 /* PBXTargetDependency */,
			);
			name = CoreDataSearchBarDemoTests;
			productName = CoreDataSearchBarDemoTests;
			productReference = EA0689311A34FDEA006CD2E0 /* CoreDataSearchBarDemoTests.xctest */;
			productType = "com.apple.product-type.bundle.unit-test";
		};
/* End PBXNativeTarget section */

/* Begin PBXProject section */
		EA0689111A34FDEA006CD2E0 /* Project object */ = {
			isa = PBXProject;
			attributes = {
				LastUpgradeCheck = 0610;
				ORGANIZATIONNAME = MacCDevTeam;
				TargetAttributes = {
					EA0689181A34FDEA006CD2E0 = {
						CreatedOnToolsVersion = 6.1.1;
					};
					EA0689301A34FDEA006CD2E0 = {
						CreatedOnToolsVersion = 6.1.1;
						TestTargetID = EA0689181A34FDEA006CD2E0;
					};
				};
			};
			buildConfigurationList = EA0689141A34FDEA006CD2E0 /* Build configuration list for PBXProject "CoreDataSearchBarDemo" */;
			compatibilityVersion = "Xcode 3.2";
			developmentRegion = English;
			hasScannedForEncodings = 0;
			knownRegions = (
				en,
				Base,
			);
			mainGroup = EA0689101A34FDEA006CD2E0;
			productRefGroup = EA06891A1A34FDEA006CD2E0 /* Products */;
			projectDirPath = "";
			projectRoot = "";
			targets = (
				EA0689181A34FDEA006CD2E0 /* CoreDataSearchBarDemo */,
				EA0689301A34FDEA006CD2E0 /* CoreDataSearchBarDemoTests */,
			);
		};
/* End PBXProject section */

/* Begin PBXResourcesBuildPhase section */
		EA0689171A34FDEA006CD2E0 /* Resources */ = {
			isa = PBXResourcesBuildPhase;
			buildActionMask = 2147483647;
			files = (
				EA0689271A34FDEA006CD2E0 /* Main.storyboard in Resources */,
				EA06892C1A34FDEA006CD2E0 /* LaunchScreen.xib in Resources */,
				EA0689291A34FDEA006CD2E0 /* Images.xcassets in Resources */,
			);
			runOnlyForDeploymentPostprocessing = 0;
		};
		EA06892F1A34FDEA006CD2E0 /* Resources */ = {
			isa = PBXResourcesBuildPhase;
			buildActionMask = 2147483647;
			files = (
			);
			runOnlyForDeploymentPostprocessing = 0;
		};
/* End PBXResourcesBuildPhase section */

/* Begin PBXSourcesBuildPhase section */
		EA0689151A34FDEA006CD2E0 /* Sources */ = {
			isa = PBXSourcesBuildPhase;
			buildActionMask = 2147483647;
			files = (
				EA0689551A352A43006CD2E0 /* AddContactViewController.swift in Sources */,
				EA06891F1A34FDEA006CD2E0 /* AppDelegate.swift in Sources */,
				EA0689221A34FDEA006CD2E0 /* Data.xcdatamodeld in Sources */,
				EA0689501A350707006CD2E0 /* ContactsViewController.swift in Sources */,
				EA0689481A3504A9006CD2E0 /* Contact.swift in Sources */,
			);
			runOnlyForDeploymentPostprocessing = 0;
		};
		EA06892D1A34FDEA006CD2E0 /* Sources */ = {
			isa = PBXSourcesBuildPhase;
			buildActionMask = 2147483647;
			files = (
				EA0689381A34FDEA006CD2E0 /* CoreDataSearchBarDemoTests.swift in Sources */,
			);
			runOnlyForDeploymentPostprocessing = 0;
		};
/* End PBXSourcesBuildPhase section */

/* Begin PBXTargetDependency section */
		EA0689331A34FDEA006CD2E0 /* PBXTargetDependency */ = {
			isa = PBXTargetDependency;
			target = EA0689181A34FDEA006CD2E0 /* CoreDataSearchBarDemo */;
			targetProxy = EA0689321A34FDEA006CD2E0 /* PBXContainerItemProxy */;
		};
/* End PBXTargetDependency section */

/* Begin PBXVariantGroup section */
		EA0689251A34FDEA006CD2E0 /* Main.storyboard */ = {
			isa = PBXVariantGroup;
			children = (
				EA0689261A34FDEA006CD2E0 /* Base */,
			);
			name = Main.storyboard;
			sourceTree = "<group>";
		};
		EA06892A1A34FDEA006CD2E0 /* LaunchScreen.xib */ = {
			isa = PBXVariantGroup;
			children = (
				EA06892B1A34FDEA006CD2E0 /* Base */,
			);
			name = LaunchScreen.xib;
			sourceTree = "<group>";
		};
/* End PBXVariantGroup section */

/* Begin XCBuildConfiguration section */
		EA0689391A34FDEA006CD2E0 /* Debug */ = {
			isa = XCBuildConfiguration;
			buildSettings = {
				ALWAYS_SEARCH_USER_PATHS = NO;
				CLANG_CXX_LANGUAGE_STANDARD = "gnu++0x";
				CLANG_CXX_LIBRARY = "libc++";
				CLANG_ENABLE_MODULES = YES;
				CLANG_ENABLE_OBJC_ARC = YES;
				CLANG_WARN_BOOL_CONVERSION = YES;
				CLANG_WARN_CONSTANT_CONVERSION = YES;
				CLANG_WARN_DIRECT_OBJC_ISA_USAGE = YES_ERROR;
				CLANG_WARN_EMPTY_BODY = YES;
				CLANG_WARN_ENUM_CONVERSION = YES;
				CLANG_WARN_INT_CONVERSION = YES;
				CLANG_WARN_OBJC_ROOT_CLASS = YES_ERROR;
				CLANG_WARN_UNREACHABLE_CODE = YES;
				CLANG_WARN__DUPLICATE_METHOD_MATCH = YES;
				"CODE_SIGN_IDENTITY[sdk=iphoneos*]" = "iPhone Developer";
				COPY_PHASE_STRIP = NO;
				ENABLE_STRICT_OBJC_MSGSEND = YES;
				GCC_C_LANGUAGE_STANDARD = gnu99;
				GCC_DYNAMIC_NO_PIC = NO;
				GCC_OPTIMIZATION_LEVEL = 0;
				GCC_PREPROCESSOR_DEFINITIONS = (
					"DEBUG=1",
					"$(inherited)",
				);
				GCC_SYMBOLS_PRIVATE_EXTERN = NO;
				GCC_WARN_64_TO_32_BIT_CONVERSION = YES;
				GCC_WARN_ABOUT_RETURN_TYPE = YES_ERROR;
				GCC_WARN_UNDECLARED_SELECTOR = YES;
				GCC_WARN_UNINITIALIZED_AUTOS = YES_AGGRESSIVE;
				GCC_WARN_UNUSED_FUNCTION = YES;
				GCC_WARN_UNUSED_VARIABLE = YES;
				IPHONEOS_DEPLOYMENT_TARGET = 8.1;
				MTL_ENABLE_DEBUG_INFO = YES;
				ONLY_ACTIVE_ARCH = YES;
				SDKROOT = iphoneos;
				SWIFT_OPTIMIZATION_LEVEL = "-Onone";
				TARGETED_DEVICE_FAMILY = "1,2";
			};
			name = Debug;
		};
		EA06893A1A34FDEA006CD2E0 /* Release */ = {
			isa = XCBuildConfiguration;
			buildSettings = {
				ALWAYS_SEARCH_USER_PATHS = NO;
				CLANG_CXX_LANGUAGE_STANDARD = "gnu++0x";
				CLANG_CXX_LIBRARY = "libc++";
				CLANG_ENABLE_MODULES = YES;
				CLANG_ENABLE_OBJC_ARC = YES;
				CLANG_WARN_BOOL_CONVERSION = YES;
				CLANG_WARN_CONSTANT_CONVERSION = YES;
				CLANG_WARN_DIRECT_OBJC_ISA_USAGE = YES_ERROR;
				CLANG_WARN_EMPTY_BODY = YES;
				CLANG_WARN_ENUM_CONVERSION = YES;
				CLANG_WARN_INT_CONVERSION = YES;
				CLANG_WARN_OBJC_ROOT_CLASS = YES_ERROR;
				CLANG_WARN_UNREACHABLE_CODE = YES;
				CLANG_WARN__DUPLICATE_METHOD_MATCH = YES;
				"CODE_SIGN_IDENTITY[sdk=iphoneos*]" = "iPhone Developer";
				COPY_PHASE_STRIP = YES;
				ENABLE_NS_ASSERTIONS = NO;
				ENABLE_STRICT_OBJC_MSGSEND = YES;
				GCC_C_LANGUAGE_STANDARD = gnu99;
				GCC_WARN_64_TO_32_BIT_CONVERSION = YES;
				GCC_WARN_ABOUT_RETURN_TYPE = YES_ERROR;
				GCC_WARN_UNDECLARED_SELECTOR = YES;
				GCC_WARN_UNINITIALIZED_AUTOS = YES_AGGRESSIVE;
				GCC_WARN_UNUSED_FUNCTION = YES;
				GCC_WARN_UNUSED_VARIABLE = YES;
				IPHONEOS_DEPLOYMENT_TARGET = 8.1;
				MTL_ENABLE_DEBUG_INFO = NO;
				SDKROOT = iphoneos;
				TARGETED_DEVICE_FAMILY = "1,2";
				VALIDATE_PRODUCT = YES;
			};
			name = Release;
		};
		EA06893C1A34FDEA006CD2E0 /* Debug */ = {
			isa = XCBuildConfiguration;
			buildSettings = {
				ASSETCATALOG_COMPILER_APPICON_NAME = AppIcon;
				INFOPLIST_FILE = CoreDataSearchBarDemo/Info.plist;
				LD_RUNPATH_SEARCH_PATHS = "$(inherited) @executable_path/Frameworks";
				PRODUCT_NAME = "$(TARGET_NAME)";
			};
			name = Debug;
		};
		EA06893D1A34FDEA006CD2E0 /* Release */ = {
			isa = XCBuildConfiguration;
			buildSettings = {
				ASSETCATALOG_COMPILER_APPICON_NAME = AppIcon;
				INFOPLIST_FILE = CoreDataSearchBarDemo/Info.plist;
				LD_RUNPATH_SEARCH_PATHS = "$(inherited) @executable_path/Frameworks";
				PRODUCT_NAME = "$(TARGET_NAME)";
			};
			name = Release;
		};
		EA06893F1A34FDEA006CD2E0 /* Debug */ = {
			isa = XCBuildConfiguration;
			buildSettings = {
				BUNDLE_LOADER = "$(TEST_HOST)";
				FRAMEWORK_SEARCH_PATHS = (
					"$(SDKROOT)/Developer/Library/Frameworks",
					"$(inherited)",
				);
				GCC_PREPROCESSOR_DEFINITIONS = (
					"DEBUG=1",
					"$(inherited)",
				);
				INFOPLIST_FILE = CoreDataSearchBarDemoTests/Info.plist;
				LD_RUNPATH_SEARCH_PATHS = "$(inherited) @executable_path/Frameworks @loader_path/Frameworks";
				PRODUCT_NAME = "$(TARGET_NAME)";
				TEST_HOST = "$(BUILT_PRODUCTS_DIR)/CoreDataSearchBarDemo.app/CoreDataSearchBarDemo";
			};
			name = Debug;
		};
		EA0689401A34FDEA006CD2E0 /* Release */ = {
			isa = XCBuildConfiguration;
			buildSettings = {
				BUNDLE_LOADER = "$(TEST_HOST)";
				FRAMEWORK_SEARCH_PATHS = (
					"$(SDKROOT)/Developer/Library/Frameworks",
					"$(inherited)",
				);
				INFOPLIST_FILE = CoreDataSearchBarDemoTests/Info.plist;
				LD_RUNPATH_SEARCH_PATHS = "$(inherited) @executable_path/Frameworks @loader_path/Frameworks";
				PRODUCT_NAME = "$(TARGET_NAME)";
				TEST_HOST = "$(BUILT_PRODUCTS_DIR)/CoreDataSearchBarDemo.app/CoreDataSearchBarDemo";
			};
			name = Release;
		};
/* End XCBuildConfiguration section */

/* Begin XCConfigurationList section */
		EA0689141A34FDEA006CD2E0 /* Build configuration list for PBXProject "CoreDataSearchBarDemo" */ = {
			isa = XCConfigurationList;
			buildConfigurations = (
				EA0689391A34FDEA006CD2E0 /* Debug */,
				EA06893A1A34FDEA006CD2E0 /* Release */,
			);
			defaultConfigurationIsVisible = 0;
			defaultConfigurationName = Release;
		};
		EA06893B1A34FDEA006CD2E0 /* Build configuration list for PBXNativeTarget "CoreDataSearchBarDemo" */ = {
			isa = XCConfigurationList;
			buildConfigurations = (
				EA06893C1A34FDEA006CD2E0 /* Debug */,
				EA06893D1A34FDEA006CD2E0 /* Release */,
			);
			defaultConfigurationIsVisible = 0;
			defaultConfigurationName = Release;
		};
		EA06893E1A34FDEA006CD2E0 /* Build configuration list for PBXNativeTarget "CoreDataSearchBarDemoTests" */ = {
			isa = XCConfigurationList;
			buildConfigurations = (
				EA06893F1A34FDEA006CD2E0 /* Debug */,
				EA0689401A34FDEA006CD2E0 /* Release */,
			);
			defaultConfigurationIsVisible = 0;
			defaultConfigurationName = Release;
		};
/* End XCConfigurationList section */

/* Begin XCVersionGroup section */
		EA0689201A34FDEA006CD2E0 /* Data.xcdatamodeld */ = {
			isa = XCVersionGroup;
			children = (
				EA0689211A34FDEA006CD2E0 /* Data.xcdatamodel */,
			);
			currentVersion = EA0689211A34FDEA006CD2E0 /* Data.xcdatamodel */;
			path = Data.xcdatamodeld;
			sourceTree = "<group>";
			versionGroupType = wrapper.xcdatamodel;
		};
/* End XCVersionGroup section */
	};
	rootObject = EA0689111A34FDEA006CD2E0 /* Project object */;
}
